
Microsoft Visual Studio Solution File, Format Version 12.00
# Visual Studio Version 16
VisualStudioVersion = 16.0.30309.148
MinimumVisualStudioVersion = 10.0.40219.1
Project("{9A19103F-16F7-4668-BE54-9A1E7A4F7556}") = "BT_SendDataMISA", "BT_SendDataMISA\BT_SendDataMISA.csproj", "{FD5C0394-1C28-4147-BC45-DA07492A81F2}"
EndProject
Global
	GlobalSection(SolutionConfigurationPlatforms) = preSolution
		Debug|Any CPU = Debug|Any CPU
		Release|Any CPU = Release|Any CPU
	EndGlobalSection
	GlobalSection(ProjectConfigurationPlatforms) = postSolution
		{FD5C0394-1C28-4147-BC45-DA07492A81F2}.Debug|Any CPU.ActiveCfg = Debug|Any CPU
		{FD5C0394-1C28-4147-BC45-DA07492A81F2}.Debug|Any CPU.Build.0 = Debug|Any CPU
		{FD5C0394-1C28-4147-BC45-DA07492A81F2}.Release|Any CPU.ActiveCfg = Release|Any CPU
		{FD5C0394-1C28-4147-BC45-DA07492A81F2}.Release|Any CPU.Build.0 = Release|Any CPU
	EndGlobalSection
	GlobalSection(SolutionProperties) = preSolution
		HideSolutionNode = FALSE
	EndGlobalSection
	GlobalSection(ExtensibilityGlobals) = postSolution
		SolutionGuid = {152B42BC-1854-4E1F-AF9B-AD2FDB2F193B}
	EndGlobalSection
EndGlobal
